// !$*UTF8*$!
{
	archiveVersion = 1;
	classes = {
	};
	objectVersion = 52;
	objects = {

/* Begin PBXBuildFile section */
		7CAD2F3D26687A83009C3012 /* Game in Frameworks */ = {isa = PBXBuildFile; productRef = 7CAD2F3C26687A83009C3012 /* Game */; };
		7CAD2F4526687A9C009C3012 /* Game in Frameworks */ = {isa = PBXBuildFile; productRef = 7CAD2F4426687A9C009C3012 /* Game */; };
		7CE4939A2666366700E50209 /* BullsEyePlusApp.swift in Sources */ = {isa = PBXBuildFile; fileRef = 7CE493992666366700E50209 /* BullsEyePlusApp.swift */; };
		7CE4939C2666366700E50209 /* ContentView.swift in Sources */ = {isa = PBXBuildFile; fileRef = 7CE4939B2666366700E50209 /* ContentView.swift */; };
		7CE4939E2666366A00E50209 /* Assets.xcassets in Resources */ = {isa = PBXBuildFile; fileRef = 7CE4939D2666366A00E50209 /* Assets.xcassets */; };
		7CE493A12666366A00E50209 /* Preview Assets.xcassets in Resources */ = {isa = PBXBuildFile; fileRef = 7CE493A02666366A00E50209 /* Preview Assets.xcassets */; };
		7CE494582666433A00E50209 /* Assets.xcassets in Resources */ = {isa = PBXBuildFile; fileRef = 7CE494572666433A00E50209 /* Assets.xcassets */; };
		7CE4945F2666433A00E50209 /* BullsEyePlusWatch Extension.appex in Embed App Extensions */ = {isa = PBXBuildFile; fileRef = 7CE4945E2666433A00E50209 /* BullsEyePlusWatch Extension.appex */; settings = {ATTRIBUTES = (RemoveHeadersOnCopy, ); }; };
		7CE494642666433A00E50209 /* BullsEyePlusApp.swift in Sources */ = {isa = PBXBuildFile; fileRef = 7CE494632666433A00E50209 /* BullsEyePlusApp.swift */; };
		7CE494662666433A00E50209 /* ContentView.swift in Sources */ = {isa = PBXBuildFile; fileRef = 7CE494652666433A00E50209 /* ContentView.swift */; };
		7CE494682666433A00E50209 /* NotificationController.swift in Sources */ = {isa = PBXBuildFile; fileRef = 7CE494672666433A00E50209 /* NotificationController.swift */; };
		7CE4946A2666433A00E50209 /* NotificationView.swift in Sources */ = {isa = PBXBuildFile; fileRef = 7CE494692666433A00E50209 /* NotificationView.swift */; };
		7CE4946C2666433A00E50209 /* ComplicationController.swift in Sources */ = {isa = PBXBuildFile; fileRef = 7CE4946B2666433A00E50209 /* ComplicationController.swift */; };
		7CE4946E2666433B00E50209 /* Assets.xcassets in Resources */ = {isa = PBXBuildFile; fileRef = 7CE4946D2666433B00E50209 /* Assets.xcassets */; };
		7CE494712666433B00E50209 /* Preview Assets.xcassets in Resources */ = {isa = PBXBuildFile; fileRef = 7CE494702666433B00E50209 /* Preview Assets.xcassets */; };
		7CE494762666433B00E50209 /* BullsEyePlusWatch.app in Embed Watch Content */ = {isa = PBXBuildFile; fileRef = 7CE494552666433900E50209 /* BullsEyePlusWatch.app */; platformFilter = ios; settings = {ATTRIBUTES = (RemoveHeadersOnCopy, ); }; };
/* End PBXBuildFile section */

/* Begin PBXContainerItemProxy section */
		7CE494602666433A00E50209 /* PBXContainerItemProxy */ = {
			isa = PBXContainerItemProxy;
			containerPortal = 7CE4938E2666366700E50209 /* Project object */;
			proxyType = 1;
			remoteGlobalIDString = 7CE4945D2666433A00E50209;
			remoteInfo = "BullsEyePlusWatch Extension";
		};
		7CE494742666433B00E50209 /* PBXContainerItemProxy */ = {
			isa = PBXContainerItemProxy;
			containerPortal = 7CE4938E2666366700E50209 /* Project object */;
			proxyType = 1;
			remoteGlobalIDString = 7CE494542666433900E50209;
			remoteInfo = BullsEyePlusWatch;
		};
/* End PBXContainerItemProxy section */

/* Begin PBXCopyFilesBuildPhase section */
		7CE494772666433B00E50209 /* Embed Watch Content */ = {
			isa = PBXCopyFilesBuildPhase;
			buildActionMask = 2147483647;
			dstPath = "$(CONTENTS_FOLDER_PATH)/Watch";
			dstSubfolderSpec = 16;
			files = (
				7CE494762666433B00E50209 /* BullsEyePlusWatch.app in Embed Watch Content */,
			);
			name = "Embed Watch Content";
			runOnlyForDeploymentPostprocessing = 0;
		};
		7CE4947A2666433B00E50209 /* Embed App Extensions */ = {
			isa = PBXCopyFilesBuildPhase;
			buildActionMask = 2147483647;
			dstPath = "";
			dstSubfolderSpec = 13;
			files = (
				7CE4945F2666433A00E50209 /* BullsEyePlusWatch Extension.appex in Embed App Extensions */,
			);
			name = "Embed App Extensions";
			runOnlyForDeploymentPostprocessing = 0;
		};
/* End PBXCopyFilesBuildPhase section */

/* Begin PBXFileReference section */
		7CAD2F312668789E009C3012 /* Game */ = {isa = PBXFileReference; lastKnownFileType = folder; name = Game; path = ../../packages/Game; sourceTree = "<group>"; };
		7CAD2F60266880BB009C3012 /* BullsEyePlus.entitlements */ = {isa = PBXFileReference; lastKnownFileType = text.plist.entitlements; path = BullsEyePlus.entitlements; sourceTree = "<group>"; };
		7CE493962666366700E50209 /* BullsEyePlus.app */ = {isa = PBXFileReference; explicitFileType = wrapper.application; includeInIndex = 0; path = BullsEyePlus.app; sourceTree = BUILT_PRODUCTS_DIR; };
		7CE493992666366700E50209 /* BullsEyePlusApp.swift */ = {isa = PBXFileReference; lastKnownFileType = sourcecode.swift; path = BullsEyePlusApp.swift; sourceTree = "<group>"; };
		7CE4939B2666366700E50209 /* ContentView.swift */ = {isa = PBXFileReference; lastKnownFileType = sourcecode.swift; path = ContentView.swift; sourceTree = "<group>"; };
		7CE4939D2666366A00E50209 /* Assets.xcassets */ = {isa = PBXFileReference; lastKnownFileType = folder.assetcatalog; path = Assets.xcassets; sourceTree = "<group>"; };
		7CE493A02666366A00E50209 /* Preview Assets.xcassets */ = {isa = PBXFileReference; lastKnownFileType = folder.assetcatalog; path = "Preview Assets.xcassets"; sourceTree = "<group>"; };
		7CE493A22666366A00E50209 /* Info.plist */ = {isa = PBXFileReference; lastKnownFileType = text.plist.xml; path = Info.plist; sourceTree = "<group>"; };
		7CE494552666433900E50209 /* BullsEyePlusWatch.app */ = {isa = PBXFileReference; explicitFileType = wrapper.application; includeInIndex = 0; path = BullsEyePlusWatch.app; sourceTree = BUILT_PRODUCTS_DIR; };
		7CE494572666433A00E50209 /* Assets.xcassets */ = {isa = PBXFileReference; lastKnownFileType = folder.assetcatalog; path = Assets.xcassets; sourceTree = "<group>"; };
		7CE494592666433A00E50209 /* Info.plist */ = {isa = PBXFileReference; lastKnownFileType = text.plist.xml; path = Info.plist; sourceTree = "<group>"; };
		7CE4945E2666433A00E50209 /* BullsEyePlusWatch Extension.appex */ = {isa = PBXFileReference; explicitFileType = "wrapper.app-extension"; includeInIndex = 0; path = "BullsEyePlusWatch Extension.appex"; sourceTree = BUILT_PRODUCTS_DIR; };
		7CE494632666433A00E50209 /* BullsEyePlusApp.swift */ = {isa = PBXFileReference; lastKnownFileType = sourcecode.swift; path = BullsEyePlusApp.swift; sourceTree = "<group>"; };
		7CE494652666433A00E50209 /* ContentView.swift */ = {isa = PBXFileReference; lastKnownFileType = sourcecode.swift; path = ContentView.swift; sourceTree = "<group>"; };
		7CE494672666433A00E50209 /* NotificationController.swift */ = {isa = PBXFileReference; lastKnownFileType = sourcecode.swift; path = NotificationController.swift; sourceTree = "<group>"; };
		7CE494692666433A00E50209 /* NotificationView.swift */ = {isa = PBXFileReference; lastKnownFileType = sourcecode.swift; path = NotificationView.swift; sourceTree = "<group>"; };
		7CE4946B2666433A00E50209 /* ComplicationController.swift */ = {isa = PBXFileReference; lastKnownFileType = sourcecode.swift; path = ComplicationController.swift; sourceTree = "<group>"; };
		7CE4946D2666433B00E50209 /* Assets.xcassets */ = {isa = PBXFileReference; lastKnownFileType = folder.assetcatalog; path = Assets.xcassets; sourceTree = "<group>"; };
		7CE494702666433B00E50209 /* Preview Assets.xcassets */ = {isa = PBXFileReference; lastKnownFileType = folder.assetcatalog; path = "Preview Assets.xcassets"; sourceTree = "<group>"; };
		7CE494722666433B00E50209 /* Info.plist */ = {isa = PBXFileReference; lastKnownFileType = text.plist.xml; path = Info.plist; sourceTree = "<group>"; };
		7CE494732666433B00E50209 /* PushNotificationPayload.apns */ = {isa = PBXFileReference; lastKnownFileType = text; path = PushNotificationPayload.apns; sourceTree = "<group>"; };
/* End PBXFileReference section */

/* Begin PBXFrameworksBuildPhase section */
		7CE493932666366700E50209 /* Frameworks */ = {
			isa = PBXFrameworksBuildPhase;
			buildActionMask = 2147483647;
			files = (
				7CAD2F3D26687A83009C3012 /* Game in Frameworks */,
			);
			runOnlyForDeploymentPostprocessing = 0;
		};
		7CE4945B2666433A00E50209 /* Frameworks */ = {
			isa = PBXFrameworksBuildPhase;
			buildActionMask = 2147483647;
			files = (
				7CAD2F4526687A9C009C3012 /* Game in Frameworks */,
			);
			runOnlyForDeploymentPostprocessing = 0;
		};
/* End PBXFrameworksBuildPhase section */

/* Begin PBXGroup section */
		7CAD2F3B26687A83009C3012 /* Frameworks */ = {
			isa = PBXGroup;
			children = (
			);
			name = Frameworks;
			sourceTree = "<group>";
		};
		7CE4938D2666366700E50209 = {
			isa = PBXGroup;
			children = (
				7CE493982666366700E50209 /* BullsEyePlus */,
				7CE494562666433900E50209 /* BullsEyePlusWatch */,
				7CE494622666433A00E50209 /* BullsEyePlusWatch Extension */,
				7CE493972666366700E50209 /* Products */,
				7CAD2F3B26687A83009C3012 /* Frameworks */,
			);
			sourceTree = "<group>";
		};
		7CE493972666366700E50209 /* Products */ = {
			isa = PBXGroup;
			children = (
				7CE493962666366700E50209 /* BullsEyePlus.app */,
				7CE494552666433900E50209 /* BullsEyePlusWatch.app */,
				7CE4945E2666433A00E50209 /* BullsEyePlusWatch Extension.appex */,
			);
			name = Products;
			sourceTree = "<group>";
		};
		7CE493982666366700E50209 /* BullsEyePlus */ = {
			isa = PBXGroup;
			children = (
				7CAD2F60266880BB009C3012 /* BullsEyePlus.entitlements */,
				7CAD2F312668789E009C3012 /* Game */,
				7CE493992666366700E50209 /* BullsEyePlusApp.swift */,
				7CE4939B2666366700E50209 /* ContentView.swift */,
				7CE4939D2666366A00E50209 /* Assets.xcassets */,
				7CE493A22666366A00E50209 /* Info.plist */,
				7CE4939F2666366A00E50209 /* Preview Content */,
			);
			path = BullsEyePlus;
			sourceTree = "<group>";
		};
		7CE4939F2666366A00E50209 /* Preview Content */ = {
			isa = PBXGroup;
			children = (
				7CE493A02666366A00E50209 /* Preview Assets.xcassets */,
			);
			path = "Preview Content";
			sourceTree = "<group>";
		};
		7CE494562666433900E50209 /* BullsEyePlusWatch */ = {
			isa = PBXGroup;
			children = (
				7CE494572666433A00E50209 /* Assets.xcassets */,
				7CE494592666433A00E50209 /* Info.plist */,
			);
			path = BullsEyePlusWatch;
			sourceTree = "<group>";
		};
		7CE494622666433A00E50209 /* BullsEyePlusWatch Extension */ = {
			isa = PBXGroup;
			children = (
				7CE494632666433A00E50209 /* BullsEyePlusApp.swift */,
				7CE494652666433A00E50209 /* ContentView.swift */,
				7CE494672666433A00E50209 /* NotificationController.swift */,
				7CE494692666433A00E50209 /* NotificationView.swift */,
				7CE4946B2666433A00E50209 /* ComplicationController.swift */,
				7CE4946D2666433B00E50209 /* Assets.xcassets */,
				7CE494722666433B00E50209 /* Info.plist */,
				7CE494732666433B00E50209 /* PushNotificationPayload.apns */,
				7CE4946F2666433B00E50209 /* Preview Content */,
			);
			path = "BullsEyePlusWatch Extension";
			sourceTree = "<group>";
		};
		7CE4946F2666433B00E50209 /* Preview Content */ = {
			isa = PBXGroup;
			children = (
				7CE494702666433B00E50209 /* Preview Assets.xcassets */,
			);
			path = "Preview Content";
			sourceTree = "<group>";
		};
/* End PBXGroup section */

/* Begin PBXNativeTarget section */
		7CE493952666366700E50209 /* BullsEyePlus */ = {
			isa = PBXNativeTarget;
			buildConfigurationList = 7CE493A52666366A00E50209 /* Build configuration list for PBXNativeTarget "BullsEyePlus" */;
			buildPhases = (
				7CE493922666366700E50209 /* Sources */,
				7CE493932666366700E50209 /* Frameworks */,
				7CE493942666366700E50209 /* Resources */,
				7CE494772666433B00E50209 /* Embed Watch Content */,
			);
			buildRules = (
			);
			dependencies = (
				7CE494752666433B00E50209 /* PBXTargetDependency */,
			);
			name = BullsEyePlus;
			packageProductDependencies = (
				7CAD2F3C26687A83009C3012 /* Game */,
			);
			productName = BullsEyePlus;
			productReference = 7CE493962666366700E50209 /* BullsEyePlus.app */;
			productType = "com.apple.product-type.application";
		};
		7CE494542666433900E50209 /* BullsEyePlusWatch */ = {
			isa = PBXNativeTarget;
			buildConfigurationList = 7CE4947E2666433B00E50209 /* Build configuration list for PBXNativeTarget "BullsEyePlusWatch" */;
			buildPhases = (
				7CE494532666433900E50209 /* Resources */,
				7CE4947A2666433B00E50209 /* Embed App Extensions */,
			);
			buildRules = (
			);
			dependencies = (
				7CE494612666433A00E50209 /* PBXTargetDependency */,
			);
			name = BullsEyePlusWatch;
			productName = BullsEyePlusWatch;
			productReference = 7CE494552666433900E50209 /* BullsEyePlusWatch.app */;
			productType = "com.apple.product-type.application.watchapp2";
		};
		7CE4945D2666433A00E50209 /* BullsEyePlusWatch Extension */ = {
			isa = PBXNativeTarget;
			buildConfigurationList = 7CE4947D2666433B00E50209 /* Build configuration list for PBXNativeTarget "BullsEyePlusWatch Extension" */;
			buildPhases = (
				7CE4945A2666433A00E50209 /* Sources */,
				7CE4945B2666433A00E50209 /* Frameworks */,
				7CE4945C2666433A00E50209 /* Resources */,
			);
			buildRules = (
			);
			dependencies = (
			);
			name = "BullsEyePlusWatch Extension";
			packageProductDependencies = (
				7CAD2F4426687A9C009C3012 /* Game */,
			);
			productName = "BullsEyePlusWatch Extension";
			productReference = 7CE4945E2666433A00E50209 /* BullsEyePlusWatch Extension.appex */;
			productType = "com.apple.product-type.watchkit2-extension";
		};
/* End PBXNativeTarget section */

/* Begin PBXProject section */
		7CE4938E2666366700E50209 /* Project object */ = {
			isa = PBXProject;
			attributes = {
				LastSwiftUpdateCheck = 1240;
				LastUpgradeCheck = 1240;
				TargetAttributes = {
					7CE493952666366700E50209 = {
						CreatedOnToolsVersion = 12.4;
					};
					7CE494542666433900E50209 = {
						CreatedOnToolsVersion = 12.4;
					};
					7CE4945D2666433A00E50209 = {
						CreatedOnToolsVersion = 12.4;
					};
				};
			};
			buildConfigurationList = 7CE493912666366700E50209 /* Build configuration list for PBXProject "BullsEyePlus" */;
			compatibilityVersion = "Xcode 9.3";
			developmentRegion = en;
			hasScannedForEncodings = 0;
			knownRegions = (
				en,
				Base,
			);
			mainGroup = 7CE4938D2666366700E50209;
			productRefGroup = 7CE493972666366700E50209 /* Products */;
			projectDirPath = "";
			projectRoot = "";
			targets = (
				7CE493952666366700E50209 /* BullsEyePlus */,
				7CE494542666433900E50209 /* BullsEyePlusWatch */,
				7CE4945D2666433A00E50209 /* BullsEyePlusWatch Extension */,
			);
		};
/* End PBXProject section */

/* Begin PBXResourcesBuildPhase section */
		7CE493942666366700E50209 /* Resources */ = {
			isa = PBXResourcesBuildPhase;
			buildActionMask = 2147483647;
			files = (
				7CE493A12666366A00E50209 /* Preview Assets.xcassets in Resources */,
				7CE4939E2666366A00E50209 /* Assets.xcassets in Resources */,
			);
			runOnlyForDeploymentPostprocessing = 0;
		};
		7CE494532666433900E50209 /* Resources */ = {
			isa = PBXResourcesBuildPhase;
			buildActionMask = 2147483647;
			files = (
				7CE494582666433A00E50209 /* Assets.xcassets in Resources */,
			);
			runOnlyForDeploymentPostprocessing = 0;
		};
		7CE4945C2666433A00E50209 /* Resources */ = {
			isa = PBXResourcesBuildPhase;
			buildActionMask = 2147483647;
			files = (
				7CE494712666433B00E50209 /* Preview Assets.xcassets in Resources */,
				7CE4946E2666433B00E50209 /* Assets.xcassets in Resources */,
			);
			runOnlyForDeploymentPostprocessing = 0;
		};
/* End PBXResourcesBuildPhase section */

/* Begin PBXSourcesBuildPhase section */
		7CE493922666366700E50209 /* Sources */ = {
			isa = PBXSourcesBuildPhase;
			buildActionMask = 2147483647;
			files = (
				7CE4939C2666366700E50209 /* ContentView.swift in Sources */,
				7CE4939A2666366700E50209 /* BullsEyePlusApp.swift in Sources */,
			);
			runOnlyForDeploymentPostprocessing = 0;
		};
		7CE4945A2666433A00E50209 /* Sources */ = {
			isa = PBXSourcesBuildPhase;
			buildActionMask = 2147483647;
			files = (
				7CE494682666433A00E50209 /* NotificationController.swift in Sources */,
				7CE494662666433A00E50209 /* ContentView.swift in Sources */,
				7CE4946C2666433A00E50209 /* ComplicationController.swift in Sources */,
				7CE494642666433A00E50209 /* BullsEyePlusApp.swift in Sources */,
				7CE4946A2666433A00E50209 /* NotificationView.swift in Sources */,
			);
			runOnlyForDeploymentPostprocessing = 0;
		};
/* End PBXSourcesBuildPhase section */

/* Begin PBXTargetDependency section */
		7CE494612666433A00E50209 /* PBXTargetDependency */ = {
			isa = PBXTargetDependency;
			target = 7CE4945D2666433A00E50209 /* BullsEyePlusWatch Extension */;
			targetProxy = 7CE494602666433A00E50209 /* PBXContainerItemProxy */;
		};
		7CE494752666433B00E50209 /* PBXTargetDependency */ = {
			isa = PBXTargetDependency;
			platformFilter = ios;
			target = 7CE494542666433900E50209 /* BullsEyePlusWatch */;
			targetProxy = 7CE494742666433B00E50209 /* PBXContainerItemProxy */;
		};
/* End PBXTargetDependency section */

/* Begin XCBuildConfiguration section */
		7CE493A32666366A00E50209 /* Debug */ = {
			isa = XCBuildConfiguration;
			buildSettings = {
				ALWAYS_SEARCH_USER_PATHS = NO;
				CLANG_ANALYZER_NONNULL = YES;
				CLANG_ANALYZER_NUMBER_OBJECT_CONVERSION = YES_AGGRESSIVE;
				CLANG_CXX_LANGUAGE_STANDARD = "gnu++14";
				CLANG_CXX_LIBRARY = "libc++";
				CLANG_ENABLE_MODULES = YES;
				CLANG_ENABLE_OBJC_ARC = YES;
				CLANG_ENABLE_OBJC_WEAK = YES;
				CLANG_WARN_BLOCK_CAPTURE_AUTORELEASING = YES;
				CLANG_WARN_BOOL_CONVERSION = YES;
				CLANG_WARN_COMMA = YES;
				CLANG_WARN_CONSTANT_CONVERSION = YES;
				CLANG_WARN_DEPRECATED_OBJC_IMPLEMENTATIONS = YES;
				CLANG_WARN_DIRECT_OBJC_ISA_USAGE = YES_ERROR;
				CLANG_WARN_DOCUMENTATION_COMMENTS = YES;
				CLANG_WARN_EMPTY_BODY = YES;
				CLANG_WARN_ENUM_CONVERSION = YES;
				CLANG_WARN_INFINITE_RECURSION = YES;
				CLANG_WARN_INT_CONVERSION = YES;
				CLANG_WARN_NON_LITERAL_NULL_CONVERSION = YES;
				CLANG_WARN_OBJC_IMPLICIT_RETAIN_SELF = YES;
				CLANG_WARN_OBJC_LITERAL_CONVERSION = YES;
				CLANG_WARN_OBJC_ROOT_CLASS = YES_ERROR;
				CLANG_WARN_QUOTED_INCLUDE_IN_FRAMEWORK_HEADER = YES;
				CLANG_WARN_RANGE_LOOP_ANALYSIS = YES;
				CLANG_WARN_STRICT_PROTOTYPES = YES;
				CLANG_WARN_SUSPICIOUS_MOVE = YES;
				CLANG_WARN_UNGUARDED_AVAILABILITY = YES_AGGRESSIVE;
				CLANG_WARN_UNREACHABLE_CODE = YES;
				CLANG_WARN__DUPLICATE_METHOD_MATCH = YES;
				COPY_PHASE_STRIP = NO;
				DEBUG_INFORMATION_FORMAT = dwarf;
				ENABLE_STRICT_OBJC_MSGSEND = YES;
				ENABLE_TESTABILITY = YES;
				GCC_C_LANGUAGE_STANDARD = gnu11;
				GCC_DYNAMIC_NO_PIC = NO;
				GCC_NO_COMMON_BLOCKS = YES;
				GCC_OPTIMIZATION_LEVEL = 0;
				GCC_PREPROCESSOR_DEFINITIONS = (
					"DEBUG=1",
					"$(inherited)",
				);
				GCC_WARN_64_TO_32_BIT_CONVERSION = YES;
				GCC_WARN_ABOUT_RETURN_TYPE = YES_ERROR;
				GCC_WARN_UNDECLARED_SELECTOR = YES;
				GCC_WARN_UNINITIALIZED_AUTOS = YES_AGGRESSIVE;
				GCC_WARN_UNUSED_FUNCTION = YES;
				GCC_WARN_UNUSED_VARIABLE = YES;
				IPHONEOS_DEPLOYMENT_TARGET = 14.4;
				MTL_ENABLE_DEBUG_INFO = INCLUDE_SOURCE;
				MTL_FAST_MATH = YES;
				ONLY_ACTIVE_ARCH = YES;
				SDKROOT = iphoneos;
				SWIFT_ACTIVE_COMPILATION_CONDITIONS = DEBUG;
				SWIFT_OPTIMIZATION_LEVEL = "-Onone";
			};
			name = Debug;
		};
		7CE493A42666366A00E50209 /* Release */ = {
			isa = XCBuildConfiguration;
			buildSettings = {
				ALWAYS_SEARCH_USER_PATHS = NO;
				CLANG_ANALYZER_NONNULL = YES;
				CLANG_ANALYZER_NUMBER_OBJECT_CONVERSION = YES_AGGRESSIVE;
				CLANG_CXX_LANGUAGE_STANDARD = "gnu++14";
				CLANG_CXX_LIBRARY = "libc++";
				CLANG_ENABLE_MODULES = YES;
				CLANG_ENABLE_OBJC_ARC = YES;
				CLANG_ENABLE_OBJC_WEAK = YES;
				CLANG_WARN_BLOCK_CAPTURE_AUTORELEASING = YES;
				CLANG_WARN_BOOL_CONVERSION = YES;
				CLANG_WARN_COMMA = YES;
				CLANG_WARN_CONSTANT_CONVERSION = YES;
				CLANG_WARN_DEPRECATED_OBJC_IMPLEMENTATIONS = YES;
				CLANG_WARN_DIRECT_OBJC_ISA_USAGE = YES_ERROR;
				CLANG_WARN_DOCUMENTATION_COMMENTS = YES;
				CLANG_WARN_EMPTY_BODY = YES;
				CLANG_WARN_ENUM_CONVERSION = YES;
				CLANG_WARN_INFINITE_RECURSION = YES;
				CLANG_WARN_INT_CONVERSION = YES;
				CLANG_WARN_NON_LITERAL_NULL_CONVERSION = YES;
				CLANG_WARN_OBJC_IMPLICIT_RETAIN_SELF = YES;
				CLANG_WARN_OBJC_LITERAL_CONVERSION = YES;
				CLANG_WARN_OBJC_ROOT_CLASS = YES_ERROR;
				CLANG_WARN_QUOTED_INCLUDE_IN_FRAMEWORK_HEADER = YES;
				CLANG_WARN_RANGE_LOOP_ANALYSIS = YES;
				CLANG_WARN_STRICT_PROTOTYPES = YES;
				CLANG_WARN_SUSPICIOUS_MOVE = YES;
				CLANG_WARN_UNGUARDED_AVAILABILITY = YES_AGGRESSIVE;
				CLANG_WARN_UNREACHABLE_CODE = YES;
				CLANG_WARN__DUPLICATE_METHOD_MATCH = YES;
				COPY_PHASE_STRIP = NO;
				DEBUG_INFORMATION_FORMAT = "dwarf-with-dsym";
				ENABLE_NS_ASSERTIONS = NO;
				ENABLE_STRICT_OBJC_MSGSEND = YES;
				GCC_C_LANGUAGE_STANDARD = gnu11;
				GCC_NO_COMMON_BLOCKS = YES;
				GCC_WARN_64_TO_32_BIT_CONVERSION = YES;
				GCC_WARN_ABOUT_RETURN_TYPE = YES_ERROR;
				GCC_WARN_UNDECLARED_SELECTOR = YES;
				GCC_WARN_UNINITIALIZED_AUTOS = YES_AGGRESSIVE;
				GCC_WARN_UNUSED_FUNCTION = YES;
				GCC_WARN_UNUSED_VARIABLE = YES;
				IPHONEOS_DEPLOYMENT_TARGET = 14.4;
				MTL_ENABLE_DEBUG_INFO = NO;
				MTL_FAST_MATH = YES;
				SDKROOT = iphoneos;
				SWIFT_COMPILATION_MODE = wholemodule;
				SWIFT_OPTIMIZATION_LEVEL = "-O";
				VALIDATE_PRODUCT = YES;
			};
			name = Release;
		};
		7CE493A62666366A00E50209 /* Debug */ = {
			isa = XCBuildConfiguration;
			buildSettings = {
				ASSETCATALOG_COMPILER_APPICON_NAME = AppIcon;
				ASSETCATALOG_COMPILER_GLOBAL_ACCENT_COLOR_NAME = AccentColor;
				CODE_SIGN_ENTITLEMENTS = BullsEyePlus/BullsEyePlus.entitlements;
				"CODE_SIGN_IDENTITY[sdk=macosx*]" = "Apple Development";
				CODE_SIGN_STYLE = Automatic;
				DEVELOPMENT_ASSET_PATHS = "\"BullsEyePlus/Preview Content\"";
				ENABLE_PREVIEWS = YES;
				INFOPLIST_FILE = BullsEyePlus/Info.plist;
				IPHONEOS_DEPLOYMENT_TARGET = 14.0;
				LD_RUNPATH_SEARCH_PATHS = (
					"$(inherited)",
					"@executable_path/Frameworks",
				);
				PRODUCT_BUNDLE_IDENTIFIER = chenbing.BullsEyePlus;
				PRODUCT_NAME = "$(TARGET_NAME)";
				SUPPORTS_MACCATALYST = YES;
				SWIFT_VERSION = 5.0;
				TARGETED_DEVICE_FAMILY = "1,2";
			};
			name = Debug;
		};
		7CE493A72666366A00E50209 /* Release */ = {
			isa = XCBuildConfiguration;
			buildSettings = {
				ASSETCATALOG_COMPILER_APPICON_NAME = AppIcon;
				ASSETCATALOG_COMPILER_GLOBAL_ACCENT_COLOR_NAME = AccentColor;
				CODE_SIGN_ENTITLEMENTS = BullsEyePlus/BullsEyePlus.entitlements;
				"CODE_SIGN_IDENTITY[sdk=macosx*]" = "Apple Development";
				CODE_SIGN_STYLE = Automatic;
				DEVELOPMENT_ASSET_PATHS = "\"BullsEyePlus/Preview Content\"";
				ENABLE_PREVIEWS = YES;
				INFOPLIST_FILE = BullsEyePlus/Info.plist;
				IPHONEOS_DEPLOYMENT_TARGET = 14.0;
				LD_RUNPATH_SEARCH_PATHS = (
					"$(inherited)",
					"@executable_path/Frameworks",
				);
				PRODUCT_BUNDLE_IDENTIFIER = chenbing.BullsEyePlus;
				PRODUCT_NAME = "$(TARGET_NAME)";
				SUPPORTS_MACCATALYST = YES;
				SWIFT_VERSION = 5.0;
				TARGETED_DEVICE_FAMILY = "1,2";
			};
			name = Release;
		};
		7CE494782666433B00E50209 /* Debug */ = {
			isa = XCBuildConfiguration;
			buildSettings = {
				ALWAYS_EMBED_SWIFT_STANDARD_LIBRARIES = YES;
				ASSETCATALOG_COMPILER_APPICON_NAME = AppIcon;
				ASSETCATALOG_COMPILER_GLOBAL_ACCENT_COLOR_NAME = AccentColor;
				CODE_SIGN_STYLE = Automatic;
				IBSC_MODULE = BullsEyePlusWatch_Extension;
				INFOPLIST_FILE = BullsEyePlusWatch/Info.plist;
				PRODUCT_BUNDLE_IDENTIFIER = chenbing.BullsEyePlus.watchkitapp;
				PRODUCT_NAME = "$(TARGET_NAME)";
				SDKROOT = watchos;
				SKIP_INSTALL = YES;
				SWIFT_VERSION = 5.0;
				TARGETED_DEVICE_FAMILY = 4;
				WATCHOS_DEPLOYMENT_TARGET = 7.2;
			};
			name = Debug;
		};
		7CE494792666433B00E50209 /* Release */ = {
			isa = XCBuildConfiguration;
			buildSettings = {
				ALWAYS_EMBED_SWIFT_STANDARD_LIBRARIES = YES;
				ASSETCATALOG_COMPILER_APPICON_NAME = AppIcon;
				ASSETCATALOG_COMPILER_GLOBAL_ACCENT_COLOR_NAME = AccentColor;
				CODE_SIGN_STYLE = Automatic;
				IBSC_MODULE = BullsEyePlusWatch_Extension;
				INFOPLIST_FILE = BullsEyePlusWatch/Info.plist;
				PRODUCT_BUNDLE_IDENTIFIER = chenbing.BullsEyePlus.watchkitapp;
				PRODUCT_NAME = "$(TARGET_NAME)";
				SDKROOT = watchos;
				SKIP_INSTALL = YES;
				SWIFT_VERSION = 5.0;
				TARGETED_DEVICE_FAMILY = 4;
				WATCHOS_DEPLOYMENT_TARGET = 7.2;
			};
			name = Release;
		};
		7CE4947B2666433B00E50209 /* Debug */ = {
			isa = XCBuildConfiguration;
			buildSettings = {
				ASSETCATALOG_COMPILER_COMPLICATION_NAME = Complication;
				CODE_SIGN_STYLE = Automatic;
				DEVELOPMENT_ASSET_PATHS = "BullsEyePlusWatch\\ Extension/Preview\\ Content";
				ENABLE_PREVIEWS = YES;
				INFOPLIST_FILE = "BullsEyePlusWatch Extension/Info.plist";
				LD_RUNPATH_SEARCH_PATHS = (
					"$(inherited)",
					"@executable_path/Frameworks",
					"@executable_path/../../Frameworks",
				);
				PRODUCT_BUNDLE_IDENTIFIER = chenbing.BullsEyePlus.watchkitapp.watchkitextension;
				PRODUCT_NAME = "${TARGET_NAME}";
				SDKROOT = watchos;
				SKIP_INSTALL = YES;
				SWIFT_VERSION = 5.0;
				TARGETED_DEVICE_FAMILY = 4;
				WATCHOS_DEPLOYMENT_TARGET = 7.2;
			};
			name = Debug;
		};
		7CE4947C2666433B00E50209 /* Release */ = {
			isa = XCBuildConfiguration;
			buildSettings = {
				ASSETCATALOG_COMPILER_COMPLICATION_NAME = Complication;
				CODE_SIGN_STYLE = Automatic;
				DEVELOPMENT_ASSET_PATHS = "BullsEyePlusWatch\\ Extension/Preview\\ Content";
				ENABLE_PREVIEWS = YES;
				INFOPLIST_FILE = "BullsEyePlusWatch Extension/Info.plist";
				LD_RUNPATH_SEARCH_PATHS = (
					"$(inherited)",
					"@executable_path/Frameworks",
					"@executable_path/../../Frameworks",
				);
				PRODUCT_BUNDLE_IDENTIFIER = chenbing.BullsEyePlus.watchkitapp.watchkitextension;
				PRODUCT_NAME = "${TARGET_NAME}";
				SDKROOT = watchos;
				SKIP_INSTALL = YES;
				SWIFT_VERSION = 5.0;
				TARGETED_DEVICE_FAMILY = 4;
				WATCHOS_DEPLOYMENT_TARGET = 7.2;
			};
			name = Release;
		};
/* End XCBuildConfiguration section */

/* Begin XCConfigurationList section */
		7CE493912666366700E50209 /* Build configuration list for PBXProject "BullsEyePlus" */ = {
			isa = XCConfigurationList;
			buildConfigurations = (
				7CE493A32666366A00E50209 /* Debug */,
				7CE493A42666366A00E50209 /* Release */,
			);
			defaultConfigurationIsVisible = 0;
			defaultConfigurationName = Release;
		};
		7CE493A52666366A00E50209 /* Build configuration list for PBXNativeTarget "BullsEyePlus" */ = {
			isa = XCConfigurationList;
			buildConfigurations = (
				7CE493A62666366A00E50209 /* Debug */,
				7CE493A72666366A00E50209 /* Release */,
			);
			defaultConfigurationIsVisible = 0;
			defaultConfigurationName = Release;
		};
		7CE4947D2666433B00E50209 /* Build configuration list for PBXNativeTarget "BullsEyePlusWatch Extension" */ = {
			isa = XCConfigurationList;
			buildConfigurations = (
				7CE4947B2666433B00E50209 /* Debug */,
				7CE4947C2666433B00E50209 /* Release */,
			);
			defaultConfigurationIsVisible = 0;
			defaultConfigurationName = Release;
		};
		7CE4947E2666433B00E50209 /* Build configuration list for PBXNativeTarget "BullsEyePlusWatch" */ = {
			isa = XCConfigurationList;
			buildConfigurations = (
				7CE494782666433B00E50209 /* Debug */,
				7CE494792666433B00E50209 /* Release */,
			);
			defaultConfigurationIsVisible = 0;
			defaultConfigurationName = Release;
		};
/* End XCConfigurationList section */

/* Begin XCSwiftPackageProductDependency section */
		7CAD2F3C26687A83009C3012 /* Game */ = {
			isa = XCSwiftPackageProductDependency;
			productName = Game;
		};
		7CAD2F4426687A9C009C3012 /* Game */ = {
			isa = XCSwiftPackageProductDependency;
			productName = Game;
		};
/* End XCSwiftPackageProductDependency section */
	};
	rootObject = 7CE4938E2666366700E50209 /* Project object */;
}
